// !$*UTF8*$!
{
	archiveVersion = 1;
	classes = {
	};
	objectVersion = 48;
	objects = {

/* Begin PBXBuildFile section */
		FD67C2AF1F99FCDE003D3F7F /* Models.scnassets in Resources */ = {isa = PBXBuildFile; fileRef = FD67C2AE1F99FCDE003D3F7F /* Models.scnassets */; };
		FD932E501F99EDC20072CC23 /* AppDelegate.swift in Sources */ = {isa = PBXBuildFile; fileRef = FD932E4F1F99EDC20072CC23 /* AppDelegate.swift */; };
		FD932E521F99EDC20072CC23 /* ViewController.swift in Sources */ = {isa = PBXBuildFile; fileRef = FD932E511F99EDC20072CC23 /* ViewController.swift */; };
		FD932E551F99EDC20072CC23 /* Main.storyboard in Resources */ = {isa = PBXBuildFile; fileRef = FD932E531F99EDC20072CC23 /* Main.storyboard */; };
		FD932E571F99EDC20072CC23 /* Assets.xcassets in Resources */ = {isa = PBXBuildFile; fileRef = FD932E561F99EDC20072CC23 /* Assets.xcassets */; };
		FD932E5A1F99EDC20072CC23 /* LaunchScreen.storyboard in Resources */ = {isa = PBXBuildFile; fileRef = FD932E581F99EDC20072CC23 /* LaunchScreen.storyboard */; };
		FD932E651F99EDC30072CC23 /* IkeaTests.swift in Sources */ = {isa = PBXBuildFile; fileRef = FD932E641F99EDC30072CC23 /* IkeaTests.swift */; };
		FD932E701F99EDC30072CC23 /* IkeaUITests.swift in Sources */ = {isa = PBXBuildFile; fileRef = FD932E6F1F99EDC30072CC23 /* IkeaUITests.swift */; };
		FD932E7E1F99F8C40072CC23 /* itemCell.swift in Sources */ = {isa = PBXBuildFile; fileRef = FD932E7D1F99F8C40072CC23 /* itemCell.swift */; };
/* End PBXBuildFile section */

/* Begin PBXContainerItemProxy section */
		FD932E611F99EDC30072CC23 /* PBXContainerItemProxy */ = {
			isa = PBXContainerItemProxy;
			containerPortal = FD932E441F99EDC20072CC23 /* Project object */;
			proxyType = 1;
			remoteGlobalIDString = FD932E4B1F99EDC20072CC23;
			remoteInfo = Ikea;
		};
		FD932E6C1F99EDC30072CC23 /* PBXContainerItemProxy */ = {
			isa = PBXContainerItemProxy;
			containerPortal = FD932E441F99EDC20072CC23 /* Project object */;
			proxyType = 1;
			remoteGlobalIDString = FD932E4B1F99EDC20072CC23;
			remoteInfo = Ikea;
		};
/* End PBXContainerItemProxy section */

/* Begin PBXFileReference section */
		FD67C2AE1F99FCDE003D3F7F /* Models.scnassets */ = {isa = PBXFileReference; lastKnownFileType = wrapper.scnassets; path = Models.scnassets; sourceTree = "<group>"; };
		FD932E4C1F99EDC20072CC23 /* Ikea.app */ = {isa = PBXFileReference; explicitFileType = wrapper.application; includeInIndex = 0; path = Ikea.app; sourceTree = BUILT_PRODUCTS_DIR; };
		FD932E4F1F99EDC20072CC23 /* AppDelegate.swift */ = {isa = PBXFileReference; lastKnownFileType = sourcecode.swift; path = AppDelegate.swift; sourceTree = "<group>"; };
		FD932E511F99EDC20072CC23 /* ViewController.swift */ = {isa = PBXFileReference; lastKnownFileType = sourcecode.swift; path = ViewController.swift; sourceTree = "<group>"; };
		FD932E541F99EDC20072CC23 /* Base */ = {isa = PBXFileReference; lastKnownFileType = file.storyboard; name = Base; path = Base.lproj/Main.storyboard; sourceTree = "<group>"; };
		FD932E561F99EDC20072CC23 /* Assets.xcassets */ = {isa = PBXFileReference; lastKnownFileType = folder.assetcatalog; path = Assets.xcassets; sourceTree = "<group>"; };
		FD932E591F99EDC20072CC23 /* Base */ = {isa = PBXFileReference; lastKnownFileType = file.storyboard; name = Base; path = Base.lproj/LaunchScreen.storyboard; sourceTree = "<group>"; };
		FD932E5B1F99EDC20072CC23 /* Info.plist */ = {isa = PBXFileReference; lastKnownFileType = text.plist.xml; path = Info.plist; sourceTree = "<group>"; };
		FD932E601F99EDC30072CC23 /* IkeaTests.xctest */ = {isa = PBXFileReference; explicitFileType = wrapper.cfbundle; includeInIndex = 0; path = IkeaTests.xctest; sourceTree = BUILT_PRODUCTS_DIR; };
		FD932E641F99EDC30072CC23 /* IkeaTests.swift */ = {isa = PBXFileReference; lastKnownFileType = sourcecode.swift; path = IkeaTests.swift; sourceTree = "<group>"; };
		FD932E661F99EDC30072CC23 /* Info.plist */ = {isa = PBXFileReference; lastKnownFileType = text.plist.xml; path = Info.plist; sourceTree = "<group>"; };
		FD932E6B1F99EDC30072CC23 /* IkeaUITests.xctest */ = {isa = PBXFileReference; explicitFileType = wrapper.cfbundle; includeInIndex = 0; path = IkeaUITests.xctest; sourceTree = BUILT_PRODUCTS_DIR; };
		FD932E6F1F99EDC30072CC23 /* IkeaUITests.swift */ = {isa = PBXFileReference; lastKnownFileType = sourcecode.swift; path = IkeaUITests.swift; sourceTree = "<group>"; };
		FD932E711F99EDC30072CC23 /* Info.plist */ = {isa = PBXFileReference; lastKnownFileType = text.plist.xml; path = Info.plist; sourceTree = "<group>"; };
		FD932E7D1F99F8C40072CC23 /* itemCell.swift */ = {isa = PBXFileReference; lastKnownFileType = sourcecode.swift; path = itemCell.swift; sourceTree = "<group>"; };
/* End PBXFileReference section */

/* Begin PBXFrameworksBuildPhase section */
		FD932E491F99EDC20072CC23 /* Frameworks */ = {
			isa = PBXFrameworksBuildPhase;
			buildActionMask = 2147483647;
			files = (
			);
			runOnlyForDeploymentPostprocessing = 0;
		};
		FD932E5D1F99EDC30072CC23 /* Frameworks */ = {
			isa = PBXFrameworksBuildPhase;
			buildActionMask = 2147483647;
			files = (
			);
			runOnlyForDeploymentPostprocessing = 0;
		};
		FD932E681F99EDC30072CC23 /* Frameworks */ = {
			isa = PBXFrameworksBuildPhase;
			buildActionMask = 2147483647;
			files = (
			);
			runOnlyForDeploymentPostprocessing = 0;
		};
/* End PBXFrameworksBuildPhase section */

/* Begin PBXGroup section */
		FD932E431F99EDC20072CC23 = {
			isa = PBXGroup;
			children = (
				FD932E4E1F99EDC20072CC23 /* Ikea */,
				FD932E631F99EDC30072CC23 /* IkeaTests */,
				FD932E6E1F99EDC30072CC23 /* IkeaUITests */,
				FD932E4D1F99EDC20072CC23 /* Products */,
			);
			sourceTree = "<group>";
		};
		FD932E4D1F99EDC20072CC23 /* Products */ = {
			isa = PBXGroup;
			children = (
				FD932E4C1F99EDC20072CC23 /* Ikea.app */,
				FD932E601F99EDC30072CC23 /* IkeaTests.xctest */,
				FD932E6B1F99EDC30072CC23 /* IkeaUITests.xctest */,
			);
			name = Products;
			sourceTree = "<group>";
		};
		FD932E4E1F99EDC20072CC23 /* Ikea */ = {
			isa = PBXGroup;
			children = (
				FD67C2AE1F99FCDE003D3F7F /* Models.scnassets */,
				FD932E4F1F99EDC20072CC23 /* AppDelegate.swift */,
				FD932E511F99EDC20072CC23 /* ViewController.swift */,
				FD932E531F99EDC20072CC23 /* Main.storyboard */,
				FD932E561F99EDC20072CC23 /* Assets.xcassets */,
				FD932E581F99EDC20072CC23 /* LaunchScreen.storyboard */,
				FD932E5B1F99EDC20072CC23 /* Info.plist */,
				FD932E7D1F99F8C40072CC23 /* itemCell.swift */,
			);
			path = Ikea;
			sourceTree = "<group>";
		};
		FD932E631F99EDC30072CC23 /* IkeaTests */ = {
			isa = PBXGroup;
			children = (
				FD932E641F99EDC30072CC23 /* IkeaTests.swift */,
				FD932E661F99EDC30072CC23 /* Info.plist */,
			);
			path = IkeaTests;
			sourceTree = "<group>";
		};
		FD932E6E1F99EDC30072CC23 /* IkeaUITests */ = {
			isa = PBXGroup;
			children = (
				FD932E6F1F99EDC30072CC23 /* IkeaUITests.swift */,
				FD932E711F99EDC30072CC23 /* Info.plist */,
			);
			path = IkeaUITests;
			sourceTree = "<group>";
		};
/* End PBXGroup section */

/* Begin PBXNativeTarget section */
		FD932E4B1F99EDC20072CC23 /* Ikea */ = {
			isa = PBXNativeTarget;
			buildConfigurationList = FD932E741F99EDC30072CC23 /* Build configuration list for PBXNativeTarget "Ikea" */;
			buildPhases = (
				FD932E481F99EDC20072CC23 /* Sources */,
				FD932E491F99EDC20072CC23 /* Frameworks */,
				FD932E4A1F99EDC20072CC23 /* Resources */,
			);
			buildRules = (
			);
			dependencies = (
			);
			name = Ikea;
			productName = Ikea;
			productReference = FD932E4C1F99EDC20072CC23 /* Ikea.app */;
			productType = "com.apple.product-type.application";
		};
		FD932E5F1F99EDC30072CC23 /* IkeaTests */ = {
			isa = PBXNativeTarget;
			buildConfigurationList = FD932E771F99EDC30072CC23 /* Build configuration list for PBXNativeTarget "IkeaTests" */;
			buildPhases = (
				FD932E5C1F99EDC30072CC23 /* Sources */,
				FD932E5D1F99EDC30072CC23 /* Frameworks */,
				FD932E5E1F99EDC30072CC23 /* Resources */,
			);
			buildRules = (
			);
			dependencies = (
				FD932E621F99EDC30072CC23 /* PBXTargetDependency */,
			);
			name = IkeaTests;
			productName = IkeaTests;
			productReference = FD932E601F99EDC30072CC23 /* IkeaTests.xctest */;
			productType = "com.apple.product-type.bundle.unit-test";
		};
		FD932E6A1F99EDC30072CC23 /* IkeaUITests */ = {
			isa = PBXNativeTarget;
			buildConfigurationList = FD932E7A1F99EDC30072CC23 /* Build configuration list for PBXNativeTarget "IkeaUITests" */;
			buildPhases = (
				FD932E671F99EDC30072CC23 /* Sources */,
				FD932E681F99EDC30072CC23 /* Frameworks */,
				FD932E691F99EDC30072CC23 /* Resources */,
			);
			buildRules = (
			);
			dependencies = (
				FD932E6D1F99EDC30072CC23 /* PBXTargetDependency */,
			);
			name = IkeaUITests;
			productName = IkeaUITests;
			productReference = FD932E6B1F99EDC30072CC23 /* IkeaUITests.xctest */;
			productType = "com.apple.product-type.bundle.ui-testing";
		};
/* End PBXNativeTarget section */

/* Begin PBXProject section */
		FD932E441F99EDC20072CC23 /* Project object */ = {
			isa = PBXProject;
			attributes = {
				LastSwiftUpdateCheck = 0910;
				LastUpgradeCheck = 0910;
				ORGANIZATIONNAME = "Andrew Bridges";
				TargetAttributes = {
					FD932E4B1F99EDC20072CC23 = {
						CreatedOnToolsVersion = 9.1;
						ProvisioningStyle = Automatic;
					};
					FD932E5F1F99EDC30072CC23 = {
						CreatedOnToolsVersion = 9.1;
						ProvisioningStyle = Automatic;
						TestTargetID = FD932E4B1F99EDC20072CC23;
					};
					FD932E6A1F99EDC30072CC23 = {
						CreatedOnToolsVersion = 9.1;
						ProvisioningStyle = Automatic;
						TestTargetID = FD932E4B1F99EDC20072CC23;
					};
				};
			};
			buildConfigurationList = FD932E471F99EDC20072CC23 /* Build configuration list for PBXProject "Ikea" */;
			compatibilityVersion = "Xcode 8.0";
			developmentRegion = en;
			hasScannedForEncodings = 0;
			knownRegions = (
				en,
				Base,
			);
			mainGroup = FD932E431F99EDC20072CC23;
			productRefGroup = FD932E4D1F99EDC20072CC23 /* Products */;
			projectDirPath = "";
			projectRoot = "";
			targets = (
				FD932E4B1F99EDC20072CC23 /* Ikea */,
				FD932E5F1F99EDC30072CC23 /* IkeaTests */,
				FD932E6A1F99EDC30072CC23 /* IkeaUITests */,
			);
		};
/* End PBXProject section */

/* Begin PBXResourcesBuildPhase section */
		FD932E4A1F99EDC20072CC23 /* Resources */ = {
			isa = PBXResourcesBuildPhase;
			buildActionMask = 2147483647;
			files = (
				FD932E5A1F99EDC20072CC23 /* LaunchScreen.storyboard in Resources */,
				FD67C2AF1F99FCDE003D3F7F /* Models.scnassets in Resources */,
				FD932E571F99EDC20072CC23 /* Assets.xcassets in Resources */,
				FD932E551F99EDC20072CC23 /* Main.storyboard in Resources */,
			);
			runOnlyForDeploymentPostprocessing = 0;
		};
		FD932E5E1F99EDC30072CC23 /* Resources */ = {
			isa = PBXResourcesBuildPhase;
			buildActionMask = 2147483647;
			files = (
			);
			runOnlyForDeploymentPostprocessing = 0;
		};
		FD932E691F99EDC30072CC23 /* Resources */ = {
			isa = PBXResourcesBuildPhase;
			buildActionMask = 2147483647;
			files = (
			);
			runOnlyForDeploymentPostprocessing = 0;
		};
/* End PBXResourcesBuildPhase section */

/* Begin PBXSourcesBuildPhase section */
		FD932E481F99EDC20072CC23 /* Sources */ = {
			isa = PBXSourcesBuildPhase;
			buildActionMask = 2147483647;
			files = (
				FD932E521F99EDC20072CC23 /* ViewController.swift in Sources */,
				FD932E7E1F99F8C40072CC23 /* itemCell.swift in Sources */,
				FD932E501F99EDC20072CC23 /* AppDelegate.swift in Sources */,
			);
			runOnlyForDeploymentPostprocessing = 0;
		};
		FD932E5C1F99EDC30072CC23 /* Sources */ = {
			isa = PBXSourcesBuildPhase;
			buildActionMask = 2147483647;
			files = (
				FD932E651F99EDC30072CC23 /* IkeaTests.swift in Sources */,
			);
			runOnlyForDeploymentPostprocessing = 0;
		};
		FD932E671F99EDC30072CC23 /* Sources */ = {
			isa = PBXSourcesBuildPhase;
			buildActionMask = 2147483647;
			files = (
				FD932E701F99EDC30072CC23 /* IkeaUITests.swift in Sources */,
			);
			runOnlyForDeploymentPostprocessing = 0;
		};
/* End PBXSourcesBuildPhase section */

/* Begin PBXTargetDependency section */
		FD932E621F99EDC30072CC23 /* PBXTargetDependency */ = {
			isa = PBXTargetDependency;
			target = FD932E4B1F99EDC20072CC23 /* Ikea */;
			targetProxy = FD932E611F99EDC30072CC23 /* PBXContainerItemProxy */;
		};
		FD932E6D1F99EDC30072CC23 /* PBXTargetDependency */ = {
			isa = PBXTargetDependency;
			target = FD932E4B1F99EDC20072CC23 /* Ikea */;
			targetProxy = FD932E6C1F99EDC30072CC23 /* PBXContainerItemProxy */;
		};
/* End PBXTargetDependency section */

/* Begin PBXVariantGroup section */
		FD932E531F99EDC20072CC23 /* Main.storyboard */ = {
			isa = PBXVariantGroup;
			children = (
				FD932E541F99EDC20072CC23 /* Base */,
			);
			name = Main.storyboard;
			sourceTree = "<group>";
		};
		FD932E581F99EDC20072CC23 /* LaunchScreen.storyboard */ = {
			isa = PBXVariantGroup;
			children = (
				FD932E591F99EDC20072CC23 /* Base */,
			);
			name = LaunchScreen.storyboard;
			sourceTree = "<group>";
		};
/* End PBXVariantGroup section */

/* Begin XCBuildConfiguration section */
		FD932E721F99EDC30072CC23 /* Debug */ = {
			isa = XCBuildConfiguration;
			buildSettings = {
				ALWAYS_SEARCH_USER_PATHS = NO;
				CLANG_ANALYZER_NONNULL = YES;
				CLANG_ANALYZER_NUMBER_OBJECT_CONVERSION = YES_AGGRESSIVE;
				CLANG_CXX_LANGUAGE_STANDARD = "gnu++14";
				CLANG_CXX_LIBRARY = "libc++";
				CLANG_ENABLE_MODULES = YES;
				CLANG_ENABLE_OBJC_ARC = YES;
				CLANG_WARN_BLOCK_CAPTURE_AUTORELEASING = YES;
				CLANG_WARN_BOOL_CONVERSION = YES;
				CLANG_WARN_COMMA = YES;
				CLANG_WARN_CONSTANT_CONVERSION = YES;
				CLANG_WARN_DIRECT_OBJC_ISA_USAGE = YES_ERROR;
				CLANG_WARN_DOCUMENTATION_COMMENTS = YES;
				CLANG_WARN_EMPTY_BODY = YES;
				CLANG_WARN_ENUM_CONVERSION = YES;
				CLANG_WARN_INFINITE_RECURSION = YES;
				CLANG_WARN_INT_CONVERSION = YES;
				CLANG_WARN_NON_LITERAL_NULL_CONVERSION = YES;
				CLANG_WARN_OBJC_LITERAL_CONVERSION = YES;
				CLANG_WARN_OBJC_ROOT_CLASS = YES_ERROR;
				CLANG_WARN_RANGE_LOOP_ANALYSIS = YES;
				CLANG_WARN_STRICT_PROTOTYPES = YES;
				CLANG_WARN_SUSPICIOUS_MOVE = YES;
				CLANG_WARN_UNGUARDED_AVAILABILITY = YES_AGGRESSIVE;
				CLANG_WARN_UNREACHABLE_CODE = YES;
				CLANG_WARN__DUPLICATE_METHOD_MATCH = YES;
				CODE_SIGN_IDENTITY = "iPhone Developer";
				COPY_PHASE_STRIP = NO;
				DEBUG_INFORMATION_FORMAT = dwarf;
				ENABLE_STRICT_OBJC_MSGSEND = YES;
				ENABLE_TESTABILITY = YES;
				GCC_C_LANGUAGE_STANDARD = gnu11;
				GCC_DYNAMIC_NO_PIC = NO;
				GCC_NO_COMMON_BLOCKS = YES;
				GCC_OPTIMIZATION_LEVEL = 0;
				GCC_PREPROCESSOR_DEFINITIONS = (
					"DEBUG=1",
					"$(inherited)",
				);
				GCC_WARN_64_TO_32_BIT_CONVERSION = YES;
				GCC_WARN_ABOUT_RETURN_TYPE = YES_ERROR;
				GCC_WARN_UNDECLARED_SELECTOR = YES;
				GCC_WARN_UNINITIALIZED_AUTOS = YES_AGGRESSIVE;
				GCC_WARN_UNUSED_FUNCTION = YES;
				GCC_WARN_UNUSED_VARIABLE = YES;
				IPHONEOS_DEPLOYMENT_TARGET = 11.1;
				MTL_ENABLE_DEBUG_INFO = YES;
				ONLY_ACTIVE_ARCH = YES;
				SDKROOT = iphoneos;
				SWIFT_ACTIVE_COMPILATION_CONDITIONS = DEBUG;
				SWIFT_OPTIMIZATION_LEVEL = "-Onone";
			};
			name = Debug;
		};
		FD932E731F99EDC30072CC23 /* Release */ = {
			isa = XCBuildConfiguration;
			buildSettings = {
				ALWAYS_SEARCH_USER_PATHS = NO;
				CLANG_ANALYZER_NONNULL = YES;
				CLANG_ANALYZER_NUMBER_OBJECT_CONVERSION = YES_AGGRESSIVE;
				CLANG_CXX_LANGUAGE_STANDARD = "gnu++14";
				CLANG_CXX_LIBRARY = "libc++";
				CLANG_ENABLE_MODULES = YES;
				CLANG_ENABLE_OBJC_ARC = YES;
				CLANG_WARN_BLOCK_CAPTURE_AUTORELEASING = YES;
				CLANG_WARN_BOOL_CONVERSION = YES;
				CLANG_WARN_COMMA = YES;
				CLANG_WARN_CONSTANT_CONVERSION = YES;
				CLANG_WARN_DIRECT_OBJC_ISA_USAGE = YES_ERROR;
				CLANG_WARN_DOCUMENTATION_COMMENTS = YES;
				CLANG_WARN_EMPTY_BODY = YES;
				CLANG_WARN_ENUM_CONVERSION = YES;
				CLANG_WARN_INFINITE_RECURSION = YES;
				CLANG_WARN_INT_CONVERSION = YES;
				CLANG_WARN_NON_LITERAL_NULL_CONVERSION = YES;
				CLANG_WARN_OBJC_LITERAL_CONVERSION = YES;
				CLANG_WARN_OBJC_ROOT_CLASS = YES_ERROR;
				CLANG_WARN_RANGE_LOOP_ANALYSIS = YES;
				CLANG_WARN_STRICT_PROTOTYPES = YES;
				CLANG_WARN_SUSPICIOUS_MOVE = YES;
				CLANG_WARN_UNGUARDED_AVAILABILITY = YES_AGGRESSIVE;
				CLANG_WARN_UNREACHABLE_CODE = YES;
				CLANG_WARN__DUPLICATE_METHOD_MATCH = YES;
				CODE_SIGN_IDENTITY = "iPhone Developer";
				COPY_PHASE_STRIP = NO;
				DEBUG_INFORMATION_FORMAT = "dwarf-with-dsym";
				ENABLE_NS_ASSERTIONS = NO;
				ENABLE_STRICT_OBJC_MSGSEND = YES;
				GCC_C_LANGUAGE_STANDARD = gnu11;
				GCC_NO_COMMON_BLOCKS = YES;
				GCC_WARN_64_TO_32_BIT_CONVERSION = YES;
				GCC_WARN_ABOUT_RETURN_TYPE = YES_ERROR;
				GCC_WARN_UNDECLARED_SELECTOR = YES;
				GCC_WARN_UNINITIALIZED_AUTOS = YES_AGGRESSIVE;
				GCC_WARN_UNUSED_FUNCTION = YES;
				GCC_WARN_UNUSED_VARIABLE = YES;
				IPHONEOS_DEPLOYMENT_TARGET = 11.1;
				MTL_ENABLE_DEBUG_INFO = NO;
				SDKROOT = iphoneos;
				SWIFT_OPTIMIZATION_LEVEL = "-Owholemodule";
				VALIDATE_PRODUCT = YES;
			};
			name = Release;
		};
		FD932E751F99EDC30072CC23 /* Debug */ = {
			isa = XCBuildConfiguration;
			buildSettings = {
				ASSETCATALOG_COMPILER_APPICON_NAME = AppIcon;
				CODE_SIGN_STYLE = Automatic;
				DEVELOPMENT_TEAM = A2E9CM5T6L;
				INFOPLIST_FILE = Ikea/Info.plist;
				IPHONEOS_DEPLOYMENT_TARGET = 11.0;
				LD_RUNPATH_SEARCH_PATHS = "$(inherited) @executable_path/Frameworks";
				PRODUCT_BUNDLE_IDENTIFIER = "WCRS.Floor-is-lava";
				PRODUCT_NAME = "$(TARGET_NAME)";
				SWIFT_VERSION = 4.0;
				TARGETED_DEVICE_FAMILY = "1,2";
			};
			name = Debug;
		};
		FD932E761F99EDC30072CC23 /* Release */ = {
			isa = XCBuildConfiguration;
			buildSettings = {
				ASSETCATALOG_COMPILER_APPICON_NAME = AppIcon;
				CODE_SIGN_STYLE = Automatic;
				DEVELOPMENT_TEAM = A2E9CM5T6L;
				INFOPLIST_FILE = Ikea/Info.plist;
				IPHONEOS_DEPLOYMENT_TARGET = 11.0;
				LD_RUNPATH_SEARCH_PATHS = "$(inherited) @executable_path/Frameworks";
				PRODUCT_BUNDLE_IDENTIFIER = "WCRS.Floor-is-lava";
				PRODUCT_NAME = "$(TARGET_NAME)";
				SWIFT_VERSION = 4.0;
				TARGETED_DEVICE_FAMILY = "1,2";
			};
			name = Release;
		};
		FD932E781F99EDC30072CC23 /* Debug */ = {
			isa = XCBuildConfiguration;
			buildSettings = {
				ALWAYS_EMBED_SWIFT_STANDARD_LIBRARIES = YES;
				BUNDLE_LOADER = "$(TEST_HOST)";
				CODE_SIGN_STYLE = Automatic;
				DEVELOPMENT_TEAM = A2E9CM5T6L;
				INFOPLIST_FILE = IkeaTests/Info.plist;
				LD_RUNPATH_SEARCH_PATHS = "$(inherited) @executable_path/Frameworks @loader_path/Frameworks";
				PRODUCT_BUNDLE_IDENTIFIER = WCRS.IkeaTests;
				PRODUCT_NAME = "$(TARGET_NAME)";
				SWIFT_VERSION = 4.0;
				TARGETED_DEVICE_FAMILY = "1,2";
				TEST_HOST = "$(BUILT_PRODUCTS_DIR)/Ikea.app/Ikea";
			};
			name = Debug;
		};
		FD932E791F99EDC30072CC23 /* Release */ = {
			isa = XCBuildConfiguration;
			buildSettings = {
				ALWAYS_EMBED_SWIFT_STANDARD_LIBRARIES = YES;
				BUNDLE_LOADER = "$(TEST_HOST)";
				CODE_SIGN_STYLE = Automatic;
				DEVELOPMENT_TEAM = A2E9CM5T6L;
				INFOPLIST_FILE = IkeaTests/Info.plist;
				LD_RUNPATH_SEARCH_PATHS = "$(inherited) @executable_path/Frameworks @loader_path/Frameworks";
				PRODUCT_BUNDLE_IDENTIFIER = WCRS.IkeaTests;
				PRODUCT_NAME = "$(TARGET_NAME)";
				SWIFT_VERSION = 4.0;
				TARGETED_DEVICE_FAMILY = "1,2";
				TEST_HOST = "$(BUILT_PRODUCTS_DIR)/Ikea.app/Ikea";
			};
			name = Release;
		};
		FD932E7B1F99EDC30072CC23 /* Debug */ = {
			isa = XCBuildConfiguration;
			buildSettings = {
				ALWAYS_EMBED_SWIFT_STANDARD_LIBRARIES = YES;
				CODE_SIGN_STYLE = Automatic;
				DEVELOPMENT_TEAM = A2E9CM5T6L;
				INFOPLIST_FILE = IkeaUITests/Info.plist;
				LD_RUNPATH_SEARCH_PATHS = "$(inherited) @executable_path/Frameworks @loader_path/Frameworks";
				PRODUCT_BUNDLE_IDENTIFIER = WCRS.IkeaUITests;
				PRODUCT_NAME = "$(TARGET_NAME)";
				SWIFT_VERSION = 4.0;
				TARGETED_DEVICE_FAMILY = "1,2";
				TEST_TARGET_NAME = Ikea;
			};
			name = Debug;
		};
		FD932E7C1F99EDC30072CC23 /* Release */ = {
			isa = XCBuildConfiguration;
			buildSettings = {
				ALWAYS_EMBED_SWIFT_STANDARD_LIBRARIES = YES;
				CODE_SIGN_STYLE = Automatic;
				DEVELOPMENT_TEAM = A2E9CM5T6L;
				INFOPLIST_FILE = IkeaUITests/Info.plist;
				LD_RUNPATH_SEARCH_PATHS = "$(inherited) @executable_path/Frameworks @loader_path/Frameworks";
				PRODUCT_BUNDLE_IDENTIFIER = WCRS.IkeaUITests;
				PRODUCT_NAME = "$(TARGET_NAME)";
				SWIFT_VERSION = 4.0;
				TARGETED_DEVICE_FAMILY = "1,2";
				TEST_TARGET_NAME = Ikea;
			};
			name = Release;
		};
/* End XCBuildConfiguration section */

/* Begin XCConfigurationList section */
		FD932E471F99EDC20072CC23 /* Build configuration list for PBXProject "Ikea" */ = {
			isa = XCConfigurationList;
			buildConfigurations = (
				FD932E721F99EDC30072CC23 /* Debug */,
				FD932E731F99EDC30072CC23 /* Release */,
			);
			defaultConfigurationIsVisible = 0;
			defaultConfigurationName = Release;
		};
		FD932E741F99EDC30072CC23 /* Build configuration list for PBXNativeTarget "Ikea" */ = {
			isa = XCConfigurationList;
			buildConfigurations = (
				FD932E751F99EDC30072CC23 /* Debug */,
				FD932E761F99EDC30072CC23 /* Release */,
			);
			defaultConfigurationIsVisible = 0;
			defaultConfigurationName = Release;
		};
		FD932E771F99EDC30072CC23 /* Build configuration list for PBXNativeTarget "IkeaTests" */ = {
			isa = XCConfigurationList;
			buildConfigurations = (
				FD932E781F99EDC30072CC23 /* Debug */,
				FD932E791F99EDC30072CC23 /* Release */,
			);
			defaultConfigurationIsVisible = 0;
			defaultConfigurationName = Release;
		};
		FD932E7A1F99EDC30072CC23 /* Build configuration list for PBXNativeTarget "IkeaUITests" */ = {
			isa = XCConfigurationList;
			buildConfigurations = (
				FD932E7B1F99EDC30072CC23 /* Debug */,
				FD932E7C1F99EDC30072CC23 /* Release */,
			);
			defaultConfigurationIsVisible = 0;
			defaultConfigurationName = Release;
		};
/* End XCConfigurationList section */
	};
	rootObject = FD932E441F99EDC20072CC23 /* Project object */;
}
